PODS:
  - Alamofire (5.8.0)
  - CocoaLumberjack (3.8.1):
    - CocoaLumberjack/Core (= 3.8.1)
  - CocoaLumberjack/Core (3.8.1)
  - Kingfisher (7.9.1)
  - SVGKit (3.0.0):
    - CocoaLumberjack (~> 3.0)

DEPENDENCIES:
  - Alamofire
  - Kingfisher
  - SVGKit

SPEC REPOS:
  trunk:
    - Alamofire
    - CocoaLumberjack
    - Kingfisher
    - SVGKit

SPEC CHECKSUMS:
  Alamofire: 0e92e751b3e9e66d7982db43919d01f313b8eb91
  CocoaLumberjack: 5c7e64cdb877770859bddec4d3d5a0d7c9299df9
  Kingfisher: 1d14e9f59cbe19389f591c929000332bf70efd32
  SVGKit: 1ad7513f8c74d9652f94ed64ddecda1a23864dea

PODFILE CHECKSUM: b4303a4e27c4b8648eff9181c276628c12fe7220

COCOAPODS: 1.13.0
