PODS:
  - Alamofire (5.8.0)
  - PromiseKit (8.1.1):
    - PromiseKit/CorePromise (= 8.1.1)
    - PromiseKit/Foundation (= 8.1.1)
    - PromiseKit/UIKit (= 8.1.1)
  - PromiseKit/CorePromise (8.1.1)
  - PromiseKit/Foundation (8.1.1):
    - PromiseKit/CorePromise
  - PromiseKit/UIKit (8.1.1):
    - PromiseKit/CorePromise

DEPENDENCIES:
  - Alamofire
  - PromiseKit

SPEC REPOS:
  trunk:
    - Alamofire
    - PromiseKit

SPEC CHECKSUMS:
  Alamofire: 0e92e751b3e9e66d7982db43919d01f313b8eb91
  PromiseKit: d1be44b474e5acfa16adf007a1f49f104e10fead

PODFILE CHECKSUM: 761f6da733e687a841af112277edf3c1cde5e926

COCOAPODS: 1.13.0
